Microsoft Visual Studio Solution File, Format Version 12.00
# Visual Studio 2013
Project("{8BC9CEB8-8B4A-11D0-8D11-00A0C91BC942}") = "ALL_BUILD", "ALL_BUILD.vcxproj", "{680421D8-CD9E-33CD-BD45-BA6F223BD871}"
	ProjectSection(ProjectDependencies) = postProject
		{EB2A6D4D-7E97-335A-B98E-A94BF6E2E0EB} = {EB2A6D4D-7E97-335A-B98E-A94BF6E2E0EB}
		{284DDFE2-E2BC-3993-A590-DCFF14BC907E} = {284DDFE2-E2BC-3993-A590-DCFF14BC907E}
	EndProjectSection
EndProject
Project("{8BC9CEB8-8B4A-11D0-8D11-00A0C91BC942}") = "INSTALL", "INSTALL.vcxproj", "{341A0B52-E42E-35F7-941A-699F3715432D}"
	ProjectSection(ProjectDependencies) = postProject
		{680421D8-CD9E-33CD-BD45-BA6F223BD871} = {680421D8-CD9E-33CD-BD45-BA6F223BD871}
		{284DDFE2-E2BC-3993-A590-DCFF14BC907E} = {284DDFE2-E2BC-3993-A590-DCFF14BC907E}
	EndProjectSection
EndProject
Project("{8BC9CEB8-8B4A-11D0-8D11-00A0C91BC942}") = "TV", "TV.vcxproj", "{EB2A6D4D-7E97-335A-B98E-A94BF6E2E0EB}"
	ProjectSection(ProjectDependencies) = postProject
		{284DDFE2-E2BC-3993-A590-DCFF14BC907E} = {284DDFE2-E2BC-3993-A590-DCFF14BC907E}
	EndProjectSection
EndProject
Project("{8BC9CEB8-8B4A-11D0-8D11-00A0C91BC942}") = "ZERO_CHECK", "ZERO_CHECK.vcxproj", "{284DDFE2-E2BC-3993-A590-DCFF14BC907E}"
	ProjectSection(ProjectDependencies) = postProject
	EndProjectSection
EndProject
Global
	GlobalSection(SolutionConfigurationPlatforms) = preSolution
		Release|Win32 = Release|Win32
		RelWithDebInfo|Win32 = RelWithDebInfo|Win32
		Debug|Win32 = Debug|Win32
	EndGlobalSection
	GlobalSection(ProjectConfigurationPlatforms) = postSolution
		{680421D8-CD9E-33CD-BD45-BA6F223BD871}.Release|Win32.ActiveCfg = Release|Win32
		{680421D8-CD9E-33CD-BD45-BA6F223BD871}.Release|Win32.Build.0 = Release|Win32
		{680421D8-CD9E-33CD-BD45-BA6F223BD871}.RelWithDebInfo|Win32.ActiveCfg = RelWithDebInfo|Win32
		{680421D8-CD9E-33CD-BD45-BA6F223BD871}.RelWithDebInfo|Win32.Build.0 = RelWithDebInfo|Win32
		{680421D8-CD9E-33CD-BD45-BA6F223BD871}.Debug|Win32.ActiveCfg = Debug|Win32
		{680421D8-CD9E-33CD-BD45-BA6F223BD871}.Debug|Win32.Build.0 = Debug|Win32
		{341A0B52-E42E-35F7-941A-699F3715432D}.Release|Win32.ActiveCfg = Release|Win32
		{341A0B52-E42E-35F7-941A-699F3715432D}.RelWithDebInfo|Win32.ActiveCfg = RelWithDebInfo|Win32
		{341A0B52-E42E-35F7-941A-699F3715432D}.Debug|Win32.ActiveCfg = Debug|Win32
		{EB2A6D4D-7E97-335A-B98E-A94BF6E2E0EB}.Release|Win32.ActiveCfg = Release|Win32
		{EB2A6D4D-7E97-335A-B98E-A94BF6E2E0EB}.Release|Win32.Build.0 = Release|Win32
		{EB2A6D4D-7E97-335A-B98E-A94BF6E2E0EB}.RelWithDebInfo|Win32.ActiveCfg = RelWithDebInfo|Win32
		{EB2A6D4D-7E97-335A-B98E-A94BF6E2E0EB}.RelWithDebInfo|Win32.Build.0 = RelWithDebInfo|Win32
		{EB2A6D4D-7E97-335A-B98E-A94BF6E2E0EB}.Debug|Win32.ActiveCfg = Debug|Win32
		{EB2A6D4D-7E97-335A-B98E-A94BF6E2E0EB}.Debug|Win32.Build.0 = Debug|Win32
		{284DDFE2-E2BC-3993-A590-DCFF14BC907E}.Release|Win32.ActiveCfg = Release|Win32
		{284DDFE2-E2BC-3993-A590-DCFF14BC907E}.Release|Win32.Build.0 = Release|Win32
		{284DDFE2-E2BC-3993-A590-DCFF14BC907E}.RelWithDebInfo|Win32.ActiveCfg = RelWithDebInfo|Win32
		{284DDFE2-E2BC-3993-A590-DCFF14BC907E}.RelWithDebInfo|Win32.Build.0 = RelWithDebInfo|Win32
		{284DDFE2-E2BC-3993-A590-DCFF14BC907E}.Debug|Win32.ActiveCfg = Debug|Win32
		{284DDFE2-E2BC-3993-A590-DCFF14BC907E}.Debug|Win32.Build.0 = Debug|Win32
	EndGlobalSection
	GlobalSection(ExtensibilityGlobals) = postSolution
	EndGlobalSection
	GlobalSection(ExtensibilityAddIns) = postSolution
	EndGlobalSection
EndGlobal
