<?xml version="1.0" encoding="utf-8"?>
<Project ToolsVersion="12.0" xmlns="http://schemas.microsoft.com/developer/msbuild/2003">
  <ItemGroup>
    <ClCompile Include="C:\PlaybackTheoraVideo\main.cpp">
      <Filter>Source Files</Filter>
    </ClCompile>
    <ClCompile Include="LevelData.cpp">
      <Filter>Source Files</Filter>
    </ClCompile>
    <ClCompile Include="TVComponent.cpp">
      <Filter>Source Files</Filter>
    </ClCompile>
  </ItemGroup>
  <ItemGroup>
    <CustomBuild Include="C:\PlaybackTheoraVideo\CMakeLists.txt" />
  </ItemGroup>
  <ItemGroup>
    <None Include="C:\PlaybackTheoraVideo\bin\CoreData" />
    <None Include="C:\PlaybackTheoraVideo\bin\Data" />
  </ItemGroup>
  <ItemGroup>
    <Filter Include="Source Files">
      <UniqueIdentifier>{55E30DD4-056A-37BF-8BFA-BEE1999C498C}</UniqueIdentifier>
    </Filter>
  </ItemGroup>
  <ItemGroup>
    <ClInclude Include="Urho3DAll.h">
      <Filter>Source Files</Filter>
    </ClInclude>
    <ClInclude Include="LevelData.h">
      <Filter>Source Files</Filter>
    </ClInclude>
    <ClInclude Include="TVComponent.h">
      <Filter>Source Files</Filter>
    </ClInclude>
  </ItemGroup>
</Project>